Microsoft Visual Studio Solution File, Format Version 11.00
# Visual Studio 2008

Project("{D17E0DF6-CB12-B532-EAF0-C22A92138EBA}") = "The Knight Before", "Assembly-CSharp-firstpass.csproj", "{62D58A59-9D38-9B7C-914B-C706F77B6004}"
EndProject
Project("{D17E0DF6-CB12-B532-EAF0-C22A92138EBA}") = "The Knight Before", "Assembly-CSharp.csproj", "{E0B15EE7-0469-D2F0-2B3C-000ED79002AB}"
EndProject
Project("{D17E0DF6-CB12-B532-EAF0-C22A92138EBA}") = "The Knight Before", "Assembly-CSharp-Editor.csproj", "{BF8B309D-2FF4-D0E7-A7F3-B00ABDE613F0}"
EndProject
Global
	GlobalSection(SolutionConfigurationPlatforms) = preSolution
		Debug|Any CPU = Debug|Any CPU
		Release|Any CPU = Release|Any CPU
	EndGlobalSection
	GlobalSection(ProjectConfigurationPlatforms) = postSolution
		{62D58A59-9D38-9B7C-914B-C706F77B6004}.Debug|Any CPU.ActiveCfg = Debug|Any CPU
		{62D58A59-9D38-9B7C-914B-C706F77B6004}.Debug|Any CPU.Build.0 = Debug|Any CPU
		{62D58A59-9D38-9B7C-914B-C706F77B6004}.Release|Any CPU.ActiveCfg = Release|Any CPU
		{62D58A59-9D38-9B7C-914B-C706F77B6004}.Release|Any CPU.Build.0 = Release|Any CPU
		{E0B15EE7-0469-D2F0-2B3C-000ED79002AB}.Debug|Any CPU.ActiveCfg = Debug|Any CPU
		{E0B15EE7-0469-D2F0-2B3C-000ED79002AB}.Debug|Any CPU.Build.0 = Debug|Any CPU
		{E0B15EE7-0469-D2F0-2B3C-000ED79002AB}.Release|Any CPU.ActiveCfg = Release|Any CPU
		{E0B15EE7-0469-D2F0-2B3C-000ED79002AB}.Release|Any CPU.Build.0 = Release|Any CPU
		{BF8B309D-2FF4-D0E7-A7F3-B00ABDE613F0}.Debug|Any CPU.ActiveCfg = Debug|Any CPU
		{BF8B309D-2FF4-D0E7-A7F3-B00ABDE613F0}.Debug|Any CPU.Build.0 = Debug|Any CPU
		{BF8B309D-2FF4-D0E7-A7F3-B00ABDE613F0}.Release|Any CPU.ActiveCfg = Release|Any CPU
		{BF8B309D-2FF4-D0E7-A7F3-B00ABDE613F0}.Release|Any CPU.Build.0 = Release|Any CPU
	EndGlobalSection
	GlobalSection(SolutionProperties) = preSolution
		HideSolutionNode = FALSE
	EndGlobalSection
	GlobalSection(MonoDevelopProperties) = preSolution
		StartupItem = Assembly-CSharp.csproj
	EndGlobalSection
EndGlobal
